// !$*UTF8*$!
{
	archiveVersion = 1;
	classes = {
	};
	objectVersion = 56;
	objects = {

/* Begin PBXBuildFile section */
		A75985372C35B13000A8A860 /* CreateNegocioView.swift in Sources */ = {isa = PBXBuildFile; fileRef = A75985362C35B13000A8A860 /* CreateNegocioView.swift */; };
		A7AA42A82C336B3300DAD7B7 /* Oisly_FApp.swift in Sources */ = {isa = PBXBuildFile; fileRef = A7AA42A72C336B3300DAD7B7 /* Oisly_FApp.swift */; };
		A7AA42AE2C336B3400DAD7B7 /* Assets.xcassets in Resources */ = {isa = PBXBuildFile; fileRef = A7AA42AD2C336B3400DAD7B7 /* Assets.xcassets */; };
		A7AA42B12C336B3400DAD7B7 /* Preview Assets.xcassets in Resources */ = {isa = PBXBuildFile; fileRef = A7AA42B02C336B3400DAD7B7 /* Preview Assets.xcassets */; };
		A7AA42BB2C336B3400DAD7B7 /* Oisly_FTests.swift in Sources */ = {isa = PBXBuildFile; fileRef = A7AA42BA2C336B3400DAD7B7 /* Oisly_FTests.swift */; };
		A7AA42C52C336B3400DAD7B7 /* Oisly_FUITests.swift in Sources */ = {isa = PBXBuildFile; fileRef = A7AA42C42C336B3400DAD7B7 /* Oisly_FUITests.swift */; };
		A7AA42C72C336B3400DAD7B7 /* Oisly_FUITestsLaunchTests.swift in Sources */ = {isa = PBXBuildFile; fileRef = A7AA42C62C336B3400DAD7B7 /* Oisly_FUITestsLaunchTests.swift */; };
		A7B18D692C34D95A0046E440 /* ProfileView.swift in Sources */ = {isa = PBXBuildFile; fileRef = A7B18D682C34D95A0046E440 /* ProfileView.swift */; };
		A7CFC0CD2C336BCA00F9CA6C /* ContentView.swift in Sources */ = {isa = PBXBuildFile; fileRef = A7CFC0C72C336BCA00F9CA6C /* ContentView.swift */; };
		A7CFC0CE2C336BCA00F9CA6C /* MenuItemsView.swift in Sources */ = {isa = PBXBuildFile; fileRef = A7CFC0C82C336BCA00F9CA6C /* MenuItemsView.swift */; };
		A7CFC0CF2C336BCA00F9CA6C /* MenuView.swift in Sources */ = {isa = PBXBuildFile; fileRef = A7CFC0C92C336BCA00F9CA6C /* MenuView.swift */; };
		A7CFC0D02C336BCA00F9CA6C /* NegociosView.swift in Sources */ = {isa = PBXBuildFile; fileRef = A7CFC0CA2C336BCA00F9CA6C /* NegociosView.swift */; };
		A7CFC0D12C336BCA00F9CA6C /* WelcomeView.swift in Sources */ = {isa = PBXBuildFile; fileRef = A7CFC0CB2C336BCA00F9CA6C /* WelcomeView.swift */; };
		A7CFC0D82C336BD800F9CA6C /* Categoria.swift in Sources */ = {isa = PBXBuildFile; fileRef = A7CFC0D22C336BD800F9CA6C /* Categoria.swift */; };
		A7CFC0D92C336BD800F9CA6C /* Facultad.swift in Sources */ = {isa = PBXBuildFile; fileRef = A7CFC0D32C336BD800F9CA6C /* Facultad.swift */; };
		A7CFC0DA2C336BD800F9CA6C /* Item.swift in Sources */ = {isa = PBXBuildFile; fileRef = A7CFC0D42C336BD800F9CA6C /* Item.swift */; };
		A7CFC0DB2C336BD800F9CA6C /* Menu.swift in Sources */ = {isa = PBXBuildFile; fileRef = A7CFC0D52C336BD800F9CA6C /* Menu.swift */; };
		A7CFC0DC2C336BD800F9CA6C /* Negocio.swift in Sources */ = {isa = PBXBuildFile; fileRef = A7CFC0D62C336BD800F9CA6C /* Negocio.swift */; };
		A7CFC0DF2C336C1000F9CA6C /* APIService.swift in Sources */ = {isa = PBXBuildFile; fileRef = A7CFC0DE2C336C1000F9CA6C /* APIService.swift */; };
		A7D0850E2C34AC9600A0235A /* FacultadesView.swift in Sources */ = {isa = PBXBuildFile; fileRef = A7D0850D2C34AC9600A0235A /* FacultadesView.swift */; };
		A7D085102C34ACA300A0235A /* CategoriasView.swift in Sources */ = {isa = PBXBuildFile; fileRef = A7D0850F2C34ACA300A0235A /* CategoriasView.swift */; };
/* End PBXBuildFile section */

/* Begin PBXContainerItemProxy section */
		A7AA42B72C336B3400DAD7B7 /* PBXContainerItemProxy */ = {
			isa = PBXContainerItemProxy;
			containerPortal = A7AA429C2C336B3300DAD7B7 /* Project object */;
			proxyType = 1;
			remoteGlobalIDString = A7AA42A32C336B3300DAD7B7;
			remoteInfo = "Oisly-F";
		};
		A7AA42C12C336B3400DAD7B7 /* PBXContainerItemProxy */ = {
			isa = PBXContainerItemProxy;
			containerPortal = A7AA429C2C336B3300DAD7B7 /* Project object */;
			proxyType = 1;
			remoteGlobalIDString = A7AA42A32C336B3300DAD7B7;
			remoteInfo = "Oisly-F";
		};
/* End PBXContainerItemProxy section */

/* Begin PBXFileReference section */
		A75985362C35B13000A8A860 /* CreateNegocioView.swift */ = {isa = PBXFileReference; lastKnownFileType = sourcecode.swift; path = CreateNegocioView.swift; sourceTree = "<group>"; };
		A7AA42A42C336B3300DAD7B7 /* Oisly-F.app */ = {isa = PBXFileReference; explicitFileType = wrapper.application; includeInIndex = 0; path = "Oisly-F.app"; sourceTree = BUILT_PRODUCTS_DIR; };
		A7AA42A72C336B3300DAD7B7 /* Oisly_FApp.swift */ = {isa = PBXFileReference; lastKnownFileType = sourcecode.swift; path = Oisly_FApp.swift; sourceTree = "<group>"; };
		A7AA42AD2C336B3400DAD7B7 /* Assets.xcassets */ = {isa = PBXFileReference; lastKnownFileType = folder.assetcatalog; path = Assets.xcassets; sourceTree = "<group>"; };
		A7AA42B02C336B3400DAD7B7 /* Preview Assets.xcassets */ = {isa = PBXFileReference; lastKnownFileType = folder.assetcatalog; path = "Preview Assets.xcassets"; sourceTree = "<group>"; };
		A7AA42B62C336B3400DAD7B7 /* Oisly-FTests.xctest */ = {isa = PBXFileReference; explicitFileType = wrapper.cfbundle; includeInIndex = 0; path = "Oisly-FTests.xctest"; sourceTree = BUILT_PRODUCTS_DIR; };
		A7AA42BA2C336B3400DAD7B7 /* Oisly_FTests.swift */ = {isa = PBXFileReference; lastKnownFileType = sourcecode.swift; path = Oisly_FTests.swift; sourceTree = "<group>"; };
		A7AA42C02C336B3400DAD7B7 /* Oisly-FUITests.xctest */ = {isa = PBXFileReference; explicitFileType = wrapper.cfbundle; includeInIndex = 0; path = "Oisly-FUITests.xctest"; sourceTree = BUILT_PRODUCTS_DIR; };
		A7AA42C42C336B3400DAD7B7 /* Oisly_FUITests.swift */ = {isa = PBXFileReference; lastKnownFileType = sourcecode.swift; path = Oisly_FUITests.swift; sourceTree = "<group>"; };
		A7AA42C62C336B3400DAD7B7 /* Oisly_FUITestsLaunchTests.swift */ = {isa = PBXFileReference; lastKnownFileType = sourcecode.swift; path = Oisly_FUITestsLaunchTests.swift; sourceTree = "<group>"; };
		A7B18D682C34D95A0046E440 /* ProfileView.swift */ = {isa = PBXFileReference; lastKnownFileType = sourcecode.swift; path = ProfileView.swift; sourceTree = "<group>"; };
		A7CFC0C72C336BCA00F9CA6C /* ContentView.swift */ = {isa = PBXFileReference; fileEncoding = 4; lastKnownFileType = sourcecode.swift; path = ContentView.swift; sourceTree = "<group>"; };
		A7CFC0C82C336BCA00F9CA6C /* MenuItemsView.swift */ = {isa = PBXFileReference; fileEncoding = 4; lastKnownFileType = sourcecode.swift; path = MenuItemsView.swift; sourceTree = "<group>"; };
		A7CFC0C92C336BCA00F9CA6C /* MenuView.swift */ = {isa = PBXFileReference; fileEncoding = 4; lastKnownFileType = sourcecode.swift; path = MenuView.swift; sourceTree = "<group>"; };
		A7CFC0CA2C336BCA00F9CA6C /* NegociosView.swift */ = {isa = PBXFileReference; fileEncoding = 4; lastKnownFileType = sourcecode.swift; path = NegociosView.swift; sourceTree = "<group>"; };
		A7CFC0CB2C336BCA00F9CA6C /* WelcomeView.swift */ = {isa = PBXFileReference; fileEncoding = 4; lastKnownFileType = sourcecode.swift; path = WelcomeView.swift; sourceTree = "<group>"; };
		A7CFC0D22C336BD800F9CA6C /* Categoria.swift */ = {isa = PBXFileReference; fileEncoding = 4; lastKnownFileType = sourcecode.swift; path = Categoria.swift; sourceTree = "<group>"; };
		A7CFC0D32C336BD800F9CA6C /* Facultad.swift */ = {isa = PBXFileReference; fileEncoding = 4; lastKnownFileType = sourcecode.swift; path = Facultad.swift; sourceTree = "<group>"; };
		A7CFC0D42C336BD800F9CA6C /* Item.swift */ = {isa = PBXFileReference; fileEncoding = 4; lastKnownFileType = sourcecode.swift; path = Item.swift; sourceTree = "<group>"; };
		A7CFC0D52C336BD800F9CA6C /* Menu.swift */ = {isa = PBXFileReference; fileEncoding = 4; lastKnownFileType = sourcecode.swift; path = Menu.swift; sourceTree = "<group>"; };
		A7CFC0D62C336BD800F9CA6C /* Negocio.swift */ = {isa = PBXFileReference; fileEncoding = 4; lastKnownFileType = sourcecode.swift; path = Negocio.swift; sourceTree = "<group>"; };
		A7CFC0DE2C336C1000F9CA6C /* APIService.swift */ = {isa = PBXFileReference; lastKnownFileType = sourcecode.swift; path = APIService.swift; sourceTree = "<group>"; };
		A7D0850D2C34AC9600A0235A /* FacultadesView.swift */ = {isa = PBXFileReference; lastKnownFileType = sourcecode.swift; path = FacultadesView.swift; sourceTree = "<group>"; };
		A7D0850F2C34ACA300A0235A /* CategoriasView.swift */ = {isa = PBXFileReference; lastKnownFileType = sourcecode.swift; path = CategoriasView.swift; sourceTree = "<group>"; };
/* End PBXFileReference section */

/* Begin PBXFrameworksBuildPhase section */
		A7AA42A12C336B3300DAD7B7 /* Frameworks */ = {
			isa = PBXFrameworksBuildPhase;
			buildActionMask = 2147483647;
			files = (
			);
			runOnlyForDeploymentPostprocessing = 0;
		};
		A7AA42B32C336B3400DAD7B7 /* Frameworks */ = {
			isa = PBXFrameworksBuildPhase;
			buildActionMask = 2147483647;
			files = (
			);
			runOnlyForDeploymentPostprocessing = 0;
		};
		A7AA42BD2C336B3400DAD7B7 /* Frameworks */ = {
			isa = PBXFrameworksBuildPhase;
			buildActionMask = 2147483647;
			files = (
			);
			runOnlyForDeploymentPostprocessing = 0;
		};
/* End PBXFrameworksBuildPhase section */

/* Begin PBXGroup section */
		A7AA429B2C336B3300DAD7B7 = {
			isa = PBXGroup;
			children = (
				A7AA42A62C336B3300DAD7B7 /* Oisly-F */,
				A7AA42B92C336B3400DAD7B7 /* Oisly-FTests */,
				A7AA42C32C336B3400DAD7B7 /* Oisly-FUITests */,
				A7AA42A52C336B3300DAD7B7 /* Products */,
			);
			sourceTree = "<group>";
		};
		A7AA42A52C336B3300DAD7B7 /* Products */ = {
			isa = PBXGroup;
			children = (
				A7AA42A42C336B3300DAD7B7 /* Oisly-F.app */,
				A7AA42B62C336B3400DAD7B7 /* Oisly-FTests.xctest */,
				A7AA42C02C336B3400DAD7B7 /* Oisly-FUITests.xctest */,
			);
			name = Products;
			sourceTree = "<group>";
		};
		A7AA42A62C336B3300DAD7B7 /* Oisly-F */ = {
			isa = PBXGroup;
			children = (
				A7CFC0DD2C336C0000F9CA6C /* Networking */,
				A7AA42A72C336B3300DAD7B7 /* Oisly_FApp.swift */,
				A7CFC0D72C336BD800F9CA6C /* Models */,
				A7CFC0CC2C336BCA00F9CA6C /* Views */,
				A7AA42AD2C336B3400DAD7B7 /* Assets.xcassets */,
				A7AA42AF2C336B3400DAD7B7 /* Preview Content */,
			);
			path = "Oisly-F";
			sourceTree = "<group>";
		};
		A7AA42AF2C336B3400DAD7B7 /* Preview Content */ = {
			isa = PBXGroup;
			children = (
				A7AA42B02C336B3400DAD7B7 /* Preview Assets.xcassets */,
			);
			path = "Preview Content";
			sourceTree = "<group>";
		};
		A7AA42B92C336B3400DAD7B7 /* Oisly-FTests */ = {
			isa = PBXGroup;
			children = (
				A7AA42BA2C336B3400DAD7B7 /* Oisly_FTests.swift */,
			);
			path = "Oisly-FTests";
			sourceTree = "<group>";
		};
		A7AA42C32C336B3400DAD7B7 /* Oisly-FUITests */ = {
			isa = PBXGroup;
			children = (
				A7AA42C42C336B3400DAD7B7 /* Oisly_FUITests.swift */,
				A7AA42C62C336B3400DAD7B7 /* Oisly_FUITestsLaunchTests.swift */,
			);
			path = "Oisly-FUITests";
			sourceTree = "<group>";
		};
		A7CFC0CC2C336BCA00F9CA6C /* Views */ = {
			isa = PBXGroup;
			children = (
				A7CFC0C72C336BCA00F9CA6C /* ContentView.swift */,
				A7CFC0C82C336BCA00F9CA6C /* MenuItemsView.swift */,
				A7CFC0C92C336BCA00F9CA6C /* MenuView.swift */,
				A7CFC0CA2C336BCA00F9CA6C /* NegociosView.swift */,
				A7CFC0CB2C336BCA00F9CA6C /* WelcomeView.swift */,
				A7D0850D2C34AC9600A0235A /* FacultadesView.swift */,
				A7D0850F2C34ACA300A0235A /* CategoriasView.swift */,
				A7B18D682C34D95A0046E440 /* ProfileView.swift */,
				A75985362C35B13000A8A860 /* CreateNegocioView.swift */,
			);
			path = Views;
			sourceTree = "<group>";
		};
		A7CFC0D72C336BD800F9CA6C /* Models */ = {
			isa = PBXGroup;
			children = (
				A7CFC0D22C336BD800F9CA6C /* Categoria.swift */,
				A7CFC0D32C336BD800F9CA6C /* Facultad.swift */,
				A7CFC0D42C336BD800F9CA6C /* Item.swift */,
				A7CFC0D52C336BD800F9CA6C /* Menu.swift */,
				A7CFC0D62C336BD800F9CA6C /* Negocio.swift */,
			);
			path = Models;
			sourceTree = "<group>";
		};
		A7CFC0DD2C336C0000F9CA6C /* Networking */ = {
			isa = PBXGroup;
			children = (
				A7CFC0DE2C336C1000F9CA6C /* APIService.swift */,
			);
			path = Networking;
			sourceTree = "<group>";
		};
/* End PBXGroup section */

/* Begin PBXNativeTarget section */
		A7AA42A32C336B3300DAD7B7 /* Oisly-F */ = {
			isa = PBXNativeTarget;
			buildConfigurationList = A7AA42CA2C336B3400DAD7B7 /* Build configuration list for PBXNativeTarget "Oisly-F" */;
			buildPhases = (
				A7AA42A02C336B3300DAD7B7 /* Sources */,
				A7AA42A12C336B3300DAD7B7 /* Frameworks */,
				A7AA42A22C336B3300DAD7B7 /* Resources */,
			);
			buildRules = (
			);
			dependencies = (
			);
			name = "Oisly-F";
			productName = "Oisly-F";
			productReference = A7AA42A42C336B3300DAD7B7 /* Oisly-F.app */;
			productType = "com.apple.product-type.application";
		};
		A7AA42B52C336B3400DAD7B7 /* Oisly-FTests */ = {
			isa = PBXNativeTarget;
			buildConfigurationList = A7AA42CD2C336B3400DAD7B7 /* Build configuration list for PBXNativeTarget "Oisly-FTests" */;
			buildPhases = (
				A7AA42B22C336B3400DAD7B7 /* Sources */,
				A7AA42B32C336B3400DAD7B7 /* Frameworks */,
				A7AA42B42C336B3400DAD7B7 /* Resources */,
			);
			buildRules = (
			);
			dependencies = (
				A7AA42B82C336B3400DAD7B7 /* PBXTargetDependency */,
			);
			name = "Oisly-FTests";
			productName = "Oisly-FTests";
			productReference = A7AA42B62C336B3400DAD7B7 /* Oisly-FTests.xctest */;
			productType = "com.apple.product-type.bundle.unit-test";
		};
		A7AA42BF2C336B3400DAD7B7 /* Oisly-FUITests */ = {
			isa = PBXNativeTarget;
			buildConfigurationList = A7AA42D02C336B3400DAD7B7 /* Build configuration list for PBXNativeTarget "Oisly-FUITests" */;
			buildPhases = (
				A7AA42BC2C336B3400DAD7B7 /* Sources */,
				A7AA42BD2C336B3400DAD7B7 /* Frameworks */,
				A7AA42BE2C336B3400DAD7B7 /* Resources */,
			);
			buildRules = (
			);
			dependencies = (
				A7AA42C22C336B3400DAD7B7 /* PBXTargetDependency */,
			);
			name = "Oisly-FUITests";
			productName = "Oisly-FUITests";
			productReference = A7AA42C02C336B3400DAD7B7 /* Oisly-FUITests.xctest */;
			productType = "com.apple.product-type.bundle.ui-testing";
		};
/* End PBXNativeTarget section */

/* Begin PBXProject section */
		A7AA429C2C336B3300DAD7B7 /* Project object */ = {
			isa = PBXProject;
			attributes = {
				BuildIndependentTargetsInParallel = 1;
				LastSwiftUpdateCheck = 1540;
				LastUpgradeCheck = 1540;
				TargetAttributes = {
					A7AA42A32C336B3300DAD7B7 = {
						CreatedOnToolsVersion = 15.4;
					};
					A7AA42B52C336B3400DAD7B7 = {
						CreatedOnToolsVersion = 15.4;
						TestTargetID = A7AA42A32C336B3300DAD7B7;
					};
					A7AA42BF2C336B3400DAD7B7 = {
						CreatedOnToolsVersion = 15.4;
						TestTargetID = A7AA42A32C336B3300DAD7B7;
					};
				};
			};
			buildConfigurationList = A7AA429F2C336B3300DAD7B7 /* Build configuration list for PBXProject "Oisly-F" */;
			compatibilityVersion = "Xcode 14.0";
			developmentRegion = en;
			hasScannedForEncodings = 0;
			knownRegions = (
				en,
				Base,
			);
			mainGroup = A7AA429B2C336B3300DAD7B7;
			productRefGroup = A7AA42A52C336B3300DAD7B7 /* Products */;
			projectDirPath = "";
			projectRoot = "";
			targets = (
				A7AA42A32C336B3300DAD7B7 /* Oisly-F */,
				A7AA42B52C336B3400DAD7B7 /* Oisly-FTests */,
				A7AA42BF2C336B3400DAD7B7 /* Oisly-FUITests */,
			);
		};
/* End PBXProject section */

/* Begin PBXResourcesBuildPhase section */
		A7AA42A22C336B3300DAD7B7 /* Resources */ = {
			isa = PBXResourcesBuildPhase;
			buildActionMask = 2147483647;
			files = (
				A7AA42B12C336B3400DAD7B7 /* Preview Assets.xcassets in Resources */,
				A7AA42AE2C336B3400DAD7B7 /* Assets.xcassets in Resources */,
			);
			runOnlyForDeploymentPostprocessing = 0;
		};
		A7AA42B42C336B3400DAD7B7 /* Resources */ = {
			isa = PBXResourcesBuildPhase;
			buildActionMask = 2147483647;
			files = (
			);
			runOnlyForDeploymentPostprocessing = 0;
		};
		A7AA42BE2C336B3400DAD7B7 /* Resources */ = {
			isa = PBXResourcesBuildPhase;
			buildActionMask = 2147483647;
			files = (
			);
			runOnlyForDeploymentPostprocessing = 0;
		};
/* End PBXResourcesBuildPhase section */

/* Begin PBXSourcesBuildPhase section */
		A7AA42A02C336B3300DAD7B7 /* Sources */ = {
			isa = PBXSourcesBuildPhase;
			buildActionMask = 2147483647;
			files = (
				A7CFC0CF2C336BCA00F9CA6C /* MenuView.swift in Sources */,
				A7CFC0DA2C336BD800F9CA6C /* Item.swift in Sources */,
				A7CFC0D02C336BCA00F9CA6C /* NegociosView.swift in Sources */,
				A7CFC0D82C336BD800F9CA6C /* Categoria.swift in Sources */,
				A7CFC0DC2C336BD800F9CA6C /* Negocio.swift in Sources */,
				A75985372C35B13000A8A860 /* CreateNegocioView.swift in Sources */,
				A7CFC0DB2C336BD800F9CA6C /* Menu.swift in Sources */,
				A7CFC0D12C336BCA00F9CA6C /* WelcomeView.swift in Sources */,
				A7B18D692C34D95A0046E440 /* ProfileView.swift in Sources */,
				A7D0850E2C34AC9600A0235A /* FacultadesView.swift in Sources */,
				A7D085102C34ACA300A0235A /* CategoriasView.swift in Sources */,
				A7CFC0CD2C336BCA00F9CA6C /* ContentView.swift in Sources */,
				A7CFC0D92C336BD800F9CA6C /* Facultad.swift in Sources */,
				A7CFC0CE2C336BCA00F9CA6C /* MenuItemsView.swift in Sources */,
				A7CFC0DF2C336C1000F9CA6C /* APIService.swift in Sources */,
				A7AA42A82C336B3300DAD7B7 /* Oisly_FApp.swift in Sources */,
			);
			runOnlyForDeploymentPostprocessing = 0;
		};
		A7AA42B22C336B3400DAD7B7 /* Sources */ = {
			isa = PBXSourcesBuildPhase;
			buildActionMask = 2147483647;
			files = (
				A7AA42BB2C336B3400DAD7B7 /* Oisly_FTests.swift in Sources */,
			);
			runOnlyForDeploymentPostprocessing = 0;
		};
		A7AA42BC2C336B3400DAD7B7 /* Sources */ = {
			isa = PBXSourcesBuildPhase;
			buildActionMask = 2147483647;
			files = (
				A7AA42C72C336B3400DAD7B7 /* Oisly_FUITestsLaunchTests.swift in Sources */,
				A7AA42C52C336B3400DAD7B7 /* Oisly_FUITests.swift in Sources */,
			);
			runOnlyForDeploymentPostprocessing = 0;
		};
/* End PBXSourcesBuildPhase section */

/* Begin PBXTargetDependency section */
		A7AA42B82C336B3400DAD7B7 /* PBXTargetDependency */ = {
			isa = PBXTargetDependency;
			target = A7AA42A32C336B3300DAD7B7 /* Oisly-F */;
			targetProxy = A7AA42B72C336B3400DAD7B7 /* PBXContainerItemProxy */;
		};
		A7AA42C22C336B3400DAD7B7 /* PBXTargetDependency */ = {
			isa = PBXTargetDependency;
			target = A7AA42A32C336B3300DAD7B7 /* Oisly-F */;
			targetProxy = A7AA42C12C336B3400DAD7B7 /* PBXContainerItemProxy */;
		};
/* End PBXTargetDependency section */

/* Begin XCBuildConfiguration section */
		A7AA42C82C336B3400DAD7B7 /* Debug */ = {
			isa = XCBuildConfiguration;
			buildSettings = {
				ALWAYS_SEARCH_USER_PATHS = NO;
				ASSETCATALOG_COMPILER_GENERATE_SWIFT_ASSET_SYMBOL_EXTENSIONS = YES;
				CLANG_ANALYZER_NONNULL = YES;
				CLANG_ANALYZER_NUMBER_OBJECT_CONVERSION = YES_AGGRESSIVE;
				CLANG_CXX_LANGUAGE_STANDARD = "gnu++20";
				CLANG_ENABLE_MODULES = YES;
				CLANG_ENABLE_OBJC_ARC = YES;
				CLANG_ENABLE_OBJC_WEAK = YES;
				CLANG_WARN_BLOCK_CAPTURE_AUTORELEASING = YES;
				CLANG_WARN_BOOL_CONVERSION = YES;
				CLANG_WARN_COMMA = YES;
				CLANG_WARN_CONSTANT_CONVERSION = YES;
				CLANG_WARN_DEPRECATED_OBJC_IMPLEMENTATIONS = YES;
				CLANG_WARN_DIRECT_OBJC_ISA_USAGE = YES_ERROR;
				CLANG_WARN_DOCUMENTATION_COMMENTS = YES;
				CLANG_WARN_EMPTY_BODY = YES;
				CLANG_WARN_ENUM_CONVERSION = YES;
				CLANG_WARN_INFINITE_RECURSION = YES;
				CLANG_WARN_INT_CONVERSION = YES;
				CLANG_WARN_NON_LITERAL_NULL_CONVERSION = YES;
				CLANG_WARN_OBJC_IMPLICIT_RETAIN_SELF = YES;
				CLANG_WARN_OBJC_LITERAL_CONVERSION = YES;
				CLANG_WARN_OBJC_ROOT_CLASS = YES_ERROR;
				CLANG_WARN_QUOTED_INCLUDE_IN_FRAMEWORK_HEADER = YES;
				CLANG_WARN_RANGE_LOOP_ANALYSIS = YES;
				CLANG_WARN_STRICT_PROTOTYPES = YES;
				CLANG_WARN_SUSPICIOUS_MOVE = YES;
				CLANG_WARN_UNGUARDED_AVAILABILITY = YES_AGGRESSIVE;
				CLANG_WARN_UNREACHABLE_CODE = YES;
				CLANG_WARN__DUPLICATE_METHOD_MATCH = YES;
				COPY_PHASE_STRIP = NO;
				DEBUG_INFORMATION_FORMAT = dwarf;
				ENABLE_STRICT_OBJC_MSGSEND = YES;
				ENABLE_TESTABILITY = YES;
				ENABLE_USER_SCRIPT_SANDBOXING = YES;
				GCC_C_LANGUAGE_STANDARD = gnu17;
				GCC_DYNAMIC_NO_PIC = NO;
				GCC_NO_COMMON_BLOCKS = YES;
				GCC_OPTIMIZATION_LEVEL = 0;
				GCC_PREPROCESSOR_DEFINITIONS = (
					"DEBUG=1",
					"$(inherited)",
				);
				GCC_WARN_64_TO_32_BIT_CONVERSION = YES;
				GCC_WARN_ABOUT_RETURN_TYPE = YES_ERROR;
				GCC_WARN_UNDECLARED_SELECTOR = YES;
				GCC_WARN_UNINITIALIZED_AUTOS = YES_AGGRESSIVE;
				GCC_WARN_UNUSED_FUNCTION = YES;
				GCC_WARN_UNUSED_VARIABLE = YES;
				IPHONEOS_DEPLOYMENT_TARGET = 17.5;
				LOCALIZATION_PREFERS_STRING_CATALOGS = YES;
				MTL_ENABLE_DEBUG_INFO = INCLUDE_SOURCE;
				MTL_FAST_MATH = YES;
				ONLY_ACTIVE_ARCH = YES;
				SDKROOT = iphoneos;
				SWIFT_ACTIVE_COMPILATION_CONDITIONS = "DEBUG $(inherited)";
				SWIFT_OPTIMIZATION_LEVEL = "-Onone";
			};
			name = Debug;
		};
		A7AA42C92C336B3400DAD7B7 /* Release */ = {
			isa = XCBuildConfiguration;
			buildSettings = {
				ALWAYS_SEARCH_USER_PATHS = NO;
				ASSETCATALOG_COMPILER_GENERATE_SWIFT_ASSET_SYMBOL_EXTENSIONS = YES;
				CLANG_ANALYZER_NONNULL = YES;
				CLANG_ANALYZER_NUMBER_OBJECT_CONVERSION = YES_AGGRESSIVE;
				CLANG_CXX_LANGUAGE_STANDARD = "gnu++20";
				CLANG_ENABLE_MODULES = YES;
				CLANG_ENABLE_OBJC_ARC = YES;
				CLANG_ENABLE_OBJC_WEAK = YES;
				CLANG_WARN_BLOCK_CAPTURE_AUTORELEASING = YES;
				CLANG_WARN_BOOL_CONVERSION = YES;
				CLANG_WARN_COMMA = YES;
				CLANG_WARN_CONSTANT_CONVERSION = YES;
				CLANG_WARN_DEPRECATED_OBJC_IMPLEMENTATIONS = YES;
				CLANG_WARN_DIRECT_OBJC_ISA_USAGE = YES_ERROR;
				CLANG_WARN_DOCUMENTATION_COMMENTS = YES;
				CLANG_WARN_EMPTY_BODY = YES;
				CLANG_WARN_ENUM_CONVERSION = YES;
				CLANG_WARN_INFINITE_RECURSION = YES;
				CLANG_WARN_INT_CONVERSION = YES;
				CLANG_WARN_NON_LITERAL_NULL_CONVERSION = YES;
				CLANG_WARN_OBJC_IMPLICIT_RETAIN_SELF = YES;
				CLANG_WARN_OBJC_LITERAL_CONVERSION = YES;
				CLANG_WARN_OBJC_ROOT_CLASS = YES_ERROR;
				CLANG_WARN_QUOTED_INCLUDE_IN_FRAMEWORK_HEADER = YES;
				CLANG_WARN_RANGE_LOOP_ANALYSIS = YES;
				CLANG_WARN_STRICT_PROTOTYPES = YES;
				CLANG_WARN_SUSPICIOUS_MOVE = YES;
				CLANG_WARN_UNGUARDED_AVAILABILITY = YES_AGGRESSIVE;
				CLANG_WARN_UNREACHABLE_CODE = YES;
				CLANG_WARN__DUPLICATE_METHOD_MATCH = YES;
				COPY_PHASE_STRIP = NO;
				DEBUG_INFORMATION_FORMAT = "dwarf-with-dsym";
				ENABLE_NS_ASSERTIONS = NO;
				ENABLE_STRICT_OBJC_MSGSEND = YES;
				ENABLE_USER_SCRIPT_SANDBOXING = YES;
				GCC_C_LANGUAGE_STANDARD = gnu17;
				GCC_NO_COMMON_BLOCKS = YES;
				GCC_WARN_64_TO_32_BIT_CONVERSION = YES;
				GCC_WARN_ABOUT_RETURN_TYPE = YES_ERROR;
				GCC_WARN_UNDECLARED_SELECTOR = YES;
				GCC_WARN_UNINITIALIZED_AUTOS = YES_AGGRESSIVE;
				GCC_WARN_UNUSED_FUNCTION = YES;
				GCC_WARN_UNUSED_VARIABLE = YES;
				IPHONEOS_DEPLOYMENT_TARGET = 17.5;
				LOCALIZATION_PREFERS_STRING_CATALOGS = YES;
				MTL_ENABLE_DEBUG_INFO = NO;
				MTL_FAST_MATH = YES;
				SDKROOT = iphoneos;
				SWIFT_COMPILATION_MODE = wholemodule;
				VALIDATE_PRODUCT = YES;
			};
			name = Release;
		};
		A7AA42CB2C336B3400DAD7B7 /* Debug */ = {
			isa = XCBuildConfiguration;
			buildSettings = {
				ASSETCATALOG_COMPILER_APPICON_NAME = AppIcon;
				ASSETCATALOG_COMPILER_GLOBAL_ACCENT_COLOR_NAME = AccentColor;
				CODE_SIGN_STYLE = Automatic;
				CURRENT_PROJECT_VERSION = 1;
				DEVELOPMENT_ASSET_PATHS = "\"Oisly-F/Preview Content\"";
				DEVELOPMENT_TEAM = 84DV5CUGQZ;
				ENABLE_PREVIEWS = YES;
				GENERATE_INFOPLIST_FILE = YES;
				INFOPLIST_KEY_UIApplicationSceneManifest_Generation = YES;
				INFOPLIST_KEY_UIApplicationSupportsIndirectInputEvents = YES;
				INFOPLIST_KEY_UILaunchScreen_Generation = YES;
				INFOPLIST_KEY_UISupportedInterfaceOrientations_iPad = "UIInterfaceOrientationPortrait UIInterfaceOrientationPortraitUpsideDown UIInterfaceOrientationLandscapeLeft UIInterfaceOrientationLandscapeRight";
				INFOPLIST_KEY_UISupportedInterfaceOrientations_iPhone = "UIInterfaceOrientationPortrait UIInterfaceOrientationLandscapeLeft UIInterfaceOrientationLandscapeRight";
				LD_RUNPATH_SEARCH_PATHS = (
					"$(inherited)",
					"@executable_path/Frameworks",
				);
				MARKETING_VERSION = 1.0;
				PRODUCT_BUNDLE_IDENTIFIER = "nianaOv.Oisly-F";
				PRODUCT_NAME = "$(TARGET_NAME)";
				SWIFT_EMIT_LOC_STRINGS = YES;
				SWIFT_VERSION = 5.0;
				TARGETED_DEVICE_FAMILY = "1,2";
			};
			name = Debug;
		};
		A7AA42CC2C336B3400DAD7B7 /* Release */ = {
			isa = XCBuildConfiguration;
			buildSettings = {
				ASSETCATALOG_COMPILER_APPICON_NAME = AppIcon;
				ASSETCATALOG_COMPILER_GLOBAL_ACCENT_COLOR_NAME = AccentColor;
				CODE_SIGN_STYLE = Automatic;
				CURRENT_PROJECT_VERSION = 1;
				DEVELOPMENT_ASSET_PATHS = "\"Oisly-F/Preview Content\"";
				DEVELOPMENT_TEAM = 84DV5CUGQZ;
				ENABLE_PREVIEWS = YES;
				GENERATE_INFOPLIST_FILE = YES;
				INFOPLIST_KEY_UIApplicationSceneManifest_Generation = YES;
				INFOPLIST_KEY_UIApplicationSupportsIndirectInputEvents = YES;
				INFOPLIST_KEY_UILaunchScreen_Generation = YES;
				INFOPLIST_KEY_UISupportedInterfaceOrientations_iPad = "UIInterfaceOrientationPortrait UIInterfaceOrientationPortraitUpsideDown UIInterfaceOrientationLandscapeLeft UIInterfaceOrientationLandscapeRight";
				INFOPLIST_KEY_UISupportedInterfaceOrientations_iPhone = "UIInterfaceOrientationPortrait UIInterfaceOrientationLandscapeLeft UIInterfaceOrientationLandscapeRight";
				LD_RUNPATH_SEARCH_PATHS = (
					"$(inherited)",
					"@executable_path/Frameworks",
				);
				MARKETING_VERSION = 1.0;
				PRODUCT_BUNDLE_IDENTIFIER = "nianaOv.Oisly-F";
				PRODUCT_NAME = "$(TARGET_NAME)";
				SWIFT_EMIT_LOC_STRINGS = YES;
				SWIFT_VERSION = 5.0;
				TARGETED_DEVICE_FAMILY = "1,2";
			};
			name = Release;
		};
		A7AA42CE2C336B3400DAD7B7 /* Debug */ = {
			isa = XCBuildConfiguration;
			buildSettings = {
				ALWAYS_EMBED_SWIFT_STANDARD_LIBRARIES = YES;
				BUNDLE_LOADER = "$(TEST_HOST)";
				CODE_SIGN_STYLE = Automatic;
				CURRENT_PROJECT_VERSION = 1;
				DEVELOPMENT_TEAM = 84DV5CUGQZ;
				GENERATE_INFOPLIST_FILE = YES;
				IPHONEOS_DEPLOYMENT_TARGET = 17.5;
				MARKETING_VERSION = 1.0;
				PRODUCT_BUNDLE_IDENTIFIER = "nianaOv.Oisly-FTests";
				PRODUCT_NAME = "$(TARGET_NAME)";
				SWIFT_EMIT_LOC_STRINGS = NO;
				SWIFT_VERSION = 5.0;
				TARGETED_DEVICE_FAMILY = "1,2";
				TEST_HOST = "$(BUILT_PRODUCTS_DIR)/Oisly-F.app/$(BUNDLE_EXECUTABLE_FOLDER_PATH)/Oisly-F";
			};
			name = Debug;
		};
		A7AA42CF2C336B3400DAD7B7 /* Release */ = {
			isa = XCBuildConfiguration;
			buildSettings = {
				ALWAYS_EMBED_SWIFT_STANDARD_LIBRARIES = YES;
				BUNDLE_LOADER = "$(TEST_HOST)";
				CODE_SIGN_STYLE = Automatic;
				CURRENT_PROJECT_VERSION = 1;
				DEVELOPMENT_TEAM = 84DV5CUGQZ;
				GENERATE_INFOPLIST_FILE = YES;
				IPHONEOS_DEPLOYMENT_TARGET = 17.5;
				MARKETING_VERSION = 1.0;
				PRODUCT_BUNDLE_IDENTIFIER = "nianaOv.Oisly-FTests";
				PRODUCT_NAME = "$(TARGET_NAME)";
				SWIFT_EMIT_LOC_STRINGS = NO;
				SWIFT_VERSION = 5.0;
				TARGETED_DEVICE_FAMILY = "1,2";
				TEST_HOST = "$(BUILT_PRODUCTS_DIR)/Oisly-F.app/$(BUNDLE_EXECUTABLE_FOLDER_PATH)/Oisly-F";
			};
			name = Release;
		};
		A7AA42D12C336B3400DAD7B7 /* Debug */ = {
			isa = XCBuildConfiguration;
			buildSettings = {
				ALWAYS_EMBED_SWIFT_STANDARD_LIBRARIES = YES;
				CODE_SIGN_STYLE = Automatic;
				CURRENT_PROJECT_VERSION = 1;
				DEVELOPMENT_TEAM = 84DV5CUGQZ;
				GENERATE_INFOPLIST_FILE = YES;
				MARKETING_VERSION = 1.0;
				PRODUCT_BUNDLE_IDENTIFIER = "nianaOv.Oisly-FUITests";
				PRODUCT_NAME = "$(TARGET_NAME)";
				SWIFT_EMIT_LOC_STRINGS = NO;
				SWIFT_VERSION = 5.0;
				TARGETED_DEVICE_FAMILY = "1,2";
				TEST_TARGET_NAME = "Oisly-F";
			};
			name = Debug;
		};
		A7AA42D22C336B3400DAD7B7 /* Release */ = {
			isa = XCBuildConfiguration;
			buildSettings = {
				ALWAYS_EMBED_SWIFT_STANDARD_LIBRARIES = YES;
				CODE_SIGN_STYLE = Automatic;
				CURRENT_PROJECT_VERSION = 1;
				DEVELOPMENT_TEAM = 84DV5CUGQZ;
				GENERATE_INFOPLIST_FILE = YES;
				MARKETING_VERSION = 1.0;
				PRODUCT_BUNDLE_IDENTIFIER = "nianaOv.Oisly-FUITests";
				PRODUCT_NAME = "$(TARGET_NAME)";
				SWIFT_EMIT_LOC_STRINGS = NO;
				SWIFT_VERSION = 5.0;
				TARGETED_DEVICE_FAMILY = "1,2";
				TEST_TARGET_NAME = "Oisly-F";
			};
			name = Release;
		};
/* End XCBuildConfiguration section */

/* Begin XCConfigurationList section */
		A7AA429F2C336B3300DAD7B7 /* Build configuration list for PBXProject "Oisly-F" */ = {
			isa = XCConfigurationList;
			buildConfigurations = (
				A7AA42C82C336B3400DAD7B7 /* Debug */,
				A7AA42C92C336B3400DAD7B7 /* Release */,
			);
			defaultConfigurationIsVisible = 0;
			defaultConfigurationName = Release;
		};
		A7AA42CA2C336B3400DAD7B7 /* Build configuration list for PBXNativeTarget "Oisly-F" */ = {
			isa = XCConfigurationList;
			buildConfigurations = (
				A7AA42CB2C336B3400DAD7B7 /* Debug */,
				A7AA42CC2C336B3400DAD7B7 /* Release */,
			);
			defaultConfigurationIsVisible = 0;
			defaultConfigurationName = Release;
		};
		A7AA42CD2C336B3400DAD7B7 /* Build configuration list for PBXNativeTarget "Oisly-FTests" */ = {
			isa = XCConfigurationList;
			buildConfigurations = (
				A7AA42CE2C336B3400DAD7B7 /* Debug */,
				A7AA42CF2C336B3400DAD7B7 /* Release */,
			);
			defaultConfigurationIsVisible = 0;
			defaultConfigurationName = Release;
		};
		A7AA42D02C336B3400DAD7B7 /* Build configuration list for PBXNativeTarget "Oisly-FUITests" */ = {
			isa = XCConfigurationList;
			buildConfigurations = (
				A7AA42D12C336B3400DAD7B7 /* Debug */,
				A7AA42D22C336B3400DAD7B7 /* Release */,
			);
			defaultConfigurationIsVisible = 0;
			defaultConfigurationName = Release;
		};
/* End XCConfigurationList section */
	};
	rootObject = A7AA429C2C336B3300DAD7B7 /* Project object */;
}
